
Microsoft Visual Studio Solution File, Format Version 12.00
Project("{FAE04EC0-301F-11D3-BF4B-00C04F79EFBC}") = "Aflevering_Del1", "Aflevering_Del1.csproj", "{640338BB-0385-43BB-9C9F-52F7E125C9B5}"
EndProject
Project("{FAE04EC0-301F-11D3-BF4B-00C04F79EFBC}") = "Shared", "..\Shared\Shared.csproj", "{B21C86F0-F726-404A-B374-4FDB5FA01A3D}"
EndProject
Global
	GlobalSection(SolutionConfigurationPlatforms) = preSolution
		Debug|Any CPU = Debug|Any CPU
		Release|Any CPU = Release|Any CPU
	EndGlobalSection
	GlobalSection(ProjectConfigurationPlatforms) = postSolution
		{640338BB-0385-43BB-9C9F-52F7E125C9B5}.Debug|Any CPU.ActiveCfg = Debug|Any CPU
		{640338BB-0385-43BB-9C9F-52F7E125C9B5}.Debug|Any CPU.Build.0 = Debug|Any CPU
		{640338BB-0385-43BB-9C9F-52F7E125C9B5}.Release|Any CPU.ActiveCfg = Release|Any CPU
		{640338BB-0385-43BB-9C9F-52F7E125C9B5}.Release|Any CPU.Build.0 = Release|Any CPU
		{B21C86F0-F726-404A-B374-4FDB5FA01A3D}.Debug|Any CPU.ActiveCfg = Debug|Any CPU
		{B21C86F0-F726-404A-B374-4FDB5FA01A3D}.Debug|Any CPU.Build.0 = Debug|Any CPU
		{B21C86F0-F726-404A-B374-4FDB5FA01A3D}.Release|Any CPU.ActiveCfg = Release|Any CPU
		{B21C86F0-F726-404A-B374-4FDB5FA01A3D}.Release|Any CPU.Build.0 = Release|Any CPU
	EndGlobalSection
EndGlobal
